
Microsoft Visual Studio Solution File, Format Version 12.00
# Visual Studio Version 17
VisualStudioVersion = 17.4.33205.214
MinimumVisualStudioVersion = 10.0.40219.1
Project("{E24C65DC-7377-472B-9ABA-BC803B73C61A}") = "ConsoleAppEvening", ".", "{3DBE2B1E-3EF7-46C6-BBA9-8EBEAD8294CC}"
	ProjectSection(WebsiteProperties) = preProject
		TargetFrameworkMoniker = ".NETFramework,Version%3Dv4.7.2"
		Debug.AspNetCompiler.VirtualPath = "/localhost_60950"
		Debug.AspNetCompiler.PhysicalPath = "..\ConsoleAppEvening\"
		Debug.AspNetCompiler.TargetPath = "PrecompiledWeb\localhost_60950\"
		Debug.AspNetCompiler.Updateable = "true"
		Debug.AspNetCompiler.ForceOverwrite = "true"
		Debug.AspNetCompiler.FixedNames = "false"
		Debug.AspNetCompiler.Debug = "True"
		Release.AspNetCompiler.VirtualPath = "/localhost_60950"
		Release.AspNetCompiler.PhysicalPath = "..\ConsoleAppEvening\"
		Release.AspNetCompiler.TargetPath = "PrecompiledWeb\localhost_60950\"
		Release.AspNetCompiler.Updateable = "true"
		Release.AspNetCompiler.ForceOverwrite = "true"
		Release.AspNetCompiler.FixedNames = "false"
		Release.AspNetCompiler.Debug = "False"
		VWDPort = "60950"
		SlnRelativePath = "..\ConsoleAppEvening\"
		DefaultWebSiteLanguage = "Visual C#"
	EndProjectSection
EndProject
Project("{FAE04EC0-301F-11D3-BF4B-00C04F79EFBC}") = "MVCApp_Mar_Evening", "..\MVCApp_Mar_Evening\MVCApp_Mar_Evening.csproj", "{6561862D-4626-4CCC-856F-01987FB22757}"
EndProject
Global
	GlobalSection(SolutionConfigurationPlatforms) = preSolution
		Debug|Any CPU = Debug|Any CPU
		Release|Any CPU = Release|Any CPU
	EndGlobalSection
	GlobalSection(ProjectConfigurationPlatforms) = postSolution
		{3DBE2B1E-3EF7-46C6-BBA9-8EBEAD8294CC}.Debug|Any CPU.ActiveCfg = Debug|Any CPU
		{3DBE2B1E-3EF7-46C6-BBA9-8EBEAD8294CC}.Debug|Any CPU.Build.0 = Debug|Any CPU
		{3DBE2B1E-3EF7-46C6-BBA9-8EBEAD8294CC}.Release|Any CPU.ActiveCfg = Debug|Any CPU
		{3DBE2B1E-3EF7-46C6-BBA9-8EBEAD8294CC}.Release|Any CPU.Build.0 = Debug|Any CPU
		{6561862D-4626-4CCC-856F-01987FB22757}.Debug|Any CPU.ActiveCfg = Debug|Any CPU
		{6561862D-4626-4CCC-856F-01987FB22757}.Debug|Any CPU.Build.0 = Debug|Any CPU
		{6561862D-4626-4CCC-856F-01987FB22757}.Release|Any CPU.ActiveCfg = Release|Any CPU
		{6561862D-4626-4CCC-856F-01987FB22757}.Release|Any CPU.Build.0 = Release|Any CPU
	EndGlobalSection
	GlobalSection(SolutionProperties) = preSolution
		HideSolutionNode = FALSE
	EndGlobalSection
	GlobalSection(ExtensibilityGlobals) = postSolution
		SolutionGuid = {B3085B35-ECD7-4F5B-8C12-AF5AFDE984E7}
	EndGlobalSection
EndGlobal
